// !$*UTF8*$!
{
	archiveVersion = 1;
	classes = {
	};
	objectVersion = 50;
	objects = {

/* Begin PBXBuildFile section */
		9A7476B0222B220D007874B5 /* BTree.cpp in Sources */ = {isa = PBXBuildFile; fileRef = 9A7476AF222B220D007874B5 /* BTree.cpp */; };
		9A7476B5223D813F007874B5 /* Table.cpp in Sources */ = {isa = PBXBuildFile; fileRef = 9A7476B4223D813F007874B5 /* Table.cpp */; };
		9AA49D5122209D9900070FD8 /* main.cpp in Sources */ = {isa = PBXBuildFile; fileRef = 9AA49D5022209D9900070FD8 /* main.cpp */; };
		9AA49D5B2220A0BD00070FD8 /* InputBuffer.cpp in Sources */ = {isa = PBXBuildFile; fileRef = 9AA49D592220A0BD00070FD8 /* InputBuffer.cpp */; };
		9AA49D5D2220A48600070FD8 /* Print.cpp in Sources */ = {isa = PBXBuildFile; fileRef = 9AA49D5C2220A48600070FD8 /* Print.cpp */; };
		9AA49D6122210FE800070FD8 /* MetaCommand.cpp in Sources */ = {isa = PBXBuildFile; fileRef = 9AA49D6022210FE800070FD8 /* MetaCommand.cpp */; };
		9AA49D642221161300070FD8 /* Statement.cpp in Sources */ = {isa = PBXBuildFile; fileRef = 9AA49D632221161300070FD8 /* Statement.cpp */; };
		9AA49D682221671700070FD8 /* DevelopTable.cpp in Sources */ = {isa = PBXBuildFile; fileRef = 9AA49D672221671700070FD8 /* DevelopTable.cpp */; };
		9AA49D6B22246EB900070FD8 /* Pager.cpp in Sources */ = {isa = PBXBuildFile; fileRef = 9AA49D6A22246EB900070FD8 /* Pager.cpp */; };
/* End PBXBuildFile section */

/* Begin PBXCopyFilesBuildPhase section */
		9AA49D4B22209D9900070FD8 /* CopyFiles */ = {
			isa = PBXCopyFilesBuildPhase;
			buildActionMask = 2147483647;
			dstPath = /usr/share/man/man1/;
			dstSubfolderSpec = 0;
			files = (
			);
			runOnlyForDeploymentPostprocessing = 1;
		};
/* End PBXCopyFilesBuildPhase section */

/* Begin PBXFileReference section */
		9A7476AE222B21FA007874B5 /* BTree.h */ = {isa = PBXFileReference; lastKnownFileType = sourcecode.c.h; path = BTree.h; sourceTree = "<group>"; };
		9A7476AF222B220D007874B5 /* BTree.cpp */ = {isa = PBXFileReference; lastKnownFileType = sourcecode.cpp.cpp; path = BTree.cpp; sourceTree = "<group>"; };
		9A7476B1223D80F8007874B5 /* Table.h */ = {isa = PBXFileReference; lastKnownFileType = sourcecode.c.h; path = Table.h; sourceTree = "<group>"; };
		9A7476B4223D813F007874B5 /* Table.cpp */ = {isa = PBXFileReference; lastKnownFileType = sourcecode.cpp.cpp; path = Table.cpp; sourceTree = "<group>"; };
		9AA49D4D22209D9900070FD8 /* SQLRockOut */ = {isa = PBXFileReference; explicitFileType = "compiled.mach-o.executable"; includeInIndex = 0; path = SQLRockOut; sourceTree = BUILT_PRODUCTS_DIR; };
		9AA49D5022209D9900070FD8 /* main.cpp */ = {isa = PBXFileReference; lastKnownFileType = sourcecode.cpp.cpp; path = main.cpp; sourceTree = "<group>"; };
		9AA49D5822209FEE00070FD8 /* Constant.h */ = {isa = PBXFileReference; lastKnownFileType = sourcecode.c.h; path = Constant.h; sourceTree = "<group>"; };
		9AA49D592220A0BD00070FD8 /* InputBuffer.cpp */ = {isa = PBXFileReference; lastKnownFileType = sourcecode.cpp.cpp; path = InputBuffer.cpp; sourceTree = "<group>"; };
		9AA49D5C2220A48600070FD8 /* Print.cpp */ = {isa = PBXFileReference; lastKnownFileType = sourcecode.cpp.cpp; path = Print.cpp; sourceTree = "<group>"; };
		9AA49D5E2220A49700070FD8 /* Print.h */ = {isa = PBXFileReference; lastKnownFileType = sourcecode.c.h; path = Print.h; sourceTree = "<group>"; };
		9AA49D5F222106C100070FD8 /* InputBuffer.h */ = {isa = PBXFileReference; lastKnownFileType = sourcecode.c.h; path = InputBuffer.h; sourceTree = "<group>"; };
		9AA49D6022210FE800070FD8 /* MetaCommand.cpp */ = {isa = PBXFileReference; lastKnownFileType = sourcecode.cpp.cpp; path = MetaCommand.cpp; sourceTree = "<group>"; };
		9AA49D622221100D00070FD8 /* MetaCommand.h */ = {isa = PBXFileReference; lastKnownFileType = sourcecode.c.h; path = MetaCommand.h; sourceTree = "<group>"; };
		9AA49D632221161300070FD8 /* Statement.cpp */ = {isa = PBXFileReference; lastKnownFileType = sourcecode.cpp.cpp; path = Statement.cpp; sourceTree = "<group>"; };
		9AA49D652221162800070FD8 /* Statement.h */ = {isa = PBXFileReference; lastKnownFileType = sourcecode.c.h; path = Statement.h; sourceTree = "<group>"; };
		9AA49D662221660300070FD8 /* DevelopTable.h */ = {isa = PBXFileReference; lastKnownFileType = sourcecode.c.h; path = DevelopTable.h; sourceTree = "<group>"; };
		9AA49D672221671700070FD8 /* DevelopTable.cpp */ = {isa = PBXFileReference; lastKnownFileType = sourcecode.cpp.cpp; path = DevelopTable.cpp; sourceTree = "<group>"; };
		9AA49D6922246E8D00070FD8 /* Pager.h */ = {isa = PBXFileReference; lastKnownFileType = sourcecode.c.h; path = Pager.h; sourceTree = "<group>"; };
		9AA49D6A22246EB900070FD8 /* Pager.cpp */ = {isa = PBXFileReference; lastKnownFileType = sourcecode.cpp.cpp; path = Pager.cpp; sourceTree = "<group>"; };
/* End PBXFileReference section */

/* Begin PBXFrameworksBuildPhase section */
		9AA49D4A22209D9900070FD8 /* Frameworks */ = {
			isa = PBXFrameworksBuildPhase;
			buildActionMask = 2147483647;
			files = (
			);
			runOnlyForDeploymentPostprocessing = 0;
		};
/* End PBXFrameworksBuildPhase section */

/* Begin PBXGroup section */
		9AA49D4422209D9900070FD8 = {
			isa = PBXGroup;
			children = (
				9AA49D4F22209D9900070FD8 /* SQLRockOut */,
				9AA49D4E22209D9900070FD8 /* Products */,
			);
			sourceTree = "<group>";
		};
		9AA49D4E22209D9900070FD8 /* Products */ = {
			isa = PBXGroup;
			children = (
				9AA49D4D22209D9900070FD8 /* SQLRockOut */,
			);
			name = Products;
			sourceTree = "<group>";
		};
		9AA49D4F22209D9900070FD8 /* SQLRockOut */ = {
			isa = PBXGroup;
			children = (
				9AA49D5722209DB800070FD8 /* src */,
			);
			path = SQLRockOut;
			sourceTree = "<group>";
		};
		9AA49D5722209DB800070FD8 /* src */ = {
			isa = PBXGroup;
			children = (
				9AA49D5022209D9900070FD8 /* main.cpp */,
				9A7476AF222B220D007874B5 /* BTree.cpp */,
				9AA49D592220A0BD00070FD8 /* InputBuffer.cpp */,
				9AA49D6022210FE800070FD8 /* MetaCommand.cpp */,
				9AA49D632221161300070FD8 /* Statement.cpp */,
				9AA49D5F222106C100070FD8 /* InputBuffer.h */,
				9A7476AE222B21FA007874B5 /* BTree.h */,
				9AA49D6922246E8D00070FD8 /* Pager.h */,
				9AA49D652221162800070FD8 /* Statement.h */,
				9A7476B4223D813F007874B5 /* Table.cpp */,
				9A7476B1223D80F8007874B5 /* Table.h */,
				9AA49D6A22246EB900070FD8 /* Pager.cpp */,
				9AA49D662221660300070FD8 /* DevelopTable.h */,
				9AA49D672221671700070FD8 /* DevelopTable.cpp */,
				9AA49D622221100D00070FD8 /* MetaCommand.h */,
				9AA49D5C2220A48600070FD8 /* Print.cpp */,
				9AA49D5E2220A49700070FD8 /* Print.h */,
				9AA49D5822209FEE00070FD8 /* Constant.h */,
			);
			path = src;
			sourceTree = "<group>";
		};
/* End PBXGroup section */

/* Begin PBXNativeTarget section */
		9AA49D4C22209D9900070FD8 /* SQLRockOut */ = {
			isa = PBXNativeTarget;
			buildConfigurationList = 9AA49D5422209D9900070FD8 /* Build configuration list for PBXNativeTarget "SQLRockOut" */;
			buildPhases = (
				9AA49D4922209D9900070FD8 /* Sources */,
				9AA49D4A22209D9900070FD8 /* Frameworks */,
				9AA49D4B22209D9900070FD8 /* CopyFiles */,
			);
			buildRules = (
			);
			dependencies = (
			);
			name = SQLRockOut;
			productName = SQLRockOut;
			productReference = 9AA49D4D22209D9900070FD8 /* SQLRockOut */;
			productType = "com.apple.product-type.tool";
		};
/* End PBXNativeTarget section */

/* Begin PBXProject section */
		9AA49D4522209D9900070FD8 /* Project object */ = {
			isa = PBXProject;
			attributes = {
				LastUpgradeCheck = 1010;
				ORGANIZATIONNAME = "Artyom Panfutov";
				TargetAttributes = {
					9AA49D4C22209D9900070FD8 = {
						CreatedOnToolsVersion = 10.1;
					};
				};
			};
			buildConfigurationList = 9AA49D4822209D9900070FD8 /* Build configuration list for PBXProject "SQLRockOut" */;
			compatibilityVersion = "Xcode 9.3";
			developmentRegion = en;
			hasScannedForEncodings = 0;
			knownRegions = (
				en,
			);
			mainGroup = 9AA49D4422209D9900070FD8;
			productRefGroup = 9AA49D4E22209D9900070FD8 /* Products */;
			projectDirPath = "";
			projectRoot = "";
			targets = (
				9AA49D4C22209D9900070FD8 /* SQLRockOut */,
			);
		};
/* End PBXProject section */

/* Begin PBXSourcesBuildPhase section */
		9AA49D4922209D9900070FD8 /* Sources */ = {
			isa = PBXSourcesBuildPhase;
			buildActionMask = 2147483647;
			files = (
				9AA49D682221671700070FD8 /* DevelopTable.cpp in Sources */,
				9AA49D5D2220A48600070FD8 /* Print.cpp in Sources */,
				9AA49D5B2220A0BD00070FD8 /* InputBuffer.cpp in Sources */,
				9AA49D642221161300070FD8 /* Statement.cpp in Sources */,
				9A7476B0222B220D007874B5 /* BTree.cpp in Sources */,
				9AA49D6122210FE800070FD8 /* MetaCommand.cpp in Sources */,
				9A7476B5223D813F007874B5 /* Table.cpp in Sources */,
				9AA49D5122209D9900070FD8 /* main.cpp in Sources */,
				9AA49D6B22246EB900070FD8 /* Pager.cpp in Sources */,
			);
			runOnlyForDeploymentPostprocessing = 0;
		};
/* End PBXSourcesBuildPhase section */

/* Begin XCBuildConfiguration section */
		9AA49D5222209D9900070FD8 /* Debug */ = {
			isa = XCBuildConfiguration;
			buildSettings = {
				ALWAYS_SEARCH_USER_PATHS = NO;
				CLANG_ANALYZER_NONNULL = YES;
				CLANG_ANALYZER_NUMBER_OBJECT_CONVERSION = YES_AGGRESSIVE;
				CLANG_CXX_LANGUAGE_STANDARD = "gnu++14";
				CLANG_CXX_LIBRARY = "libc++";
				CLANG_ENABLE_MODULES = YES;
				CLANG_ENABLE_OBJC_ARC = YES;
				CLANG_ENABLE_OBJC_WEAK = YES;
				CLANG_WARN_BLOCK_CAPTURE_AUTORELEASING = YES;
				CLANG_WARN_BOOL_CONVERSION = YES;
				CLANG_WARN_COMMA = YES;
				CLANG_WARN_CONSTANT_CONVERSION = YES;
				CLANG_WARN_DEPRECATED_OBJC_IMPLEMENTATIONS = YES;
				CLANG_WARN_DIRECT_OBJC_ISA_USAGE = YES_ERROR;
				CLANG_WARN_DOCUMENTATION_COMMENTS = YES;
				CLANG_WARN_EMPTY_BODY = YES;
				CLANG_WARN_ENUM_CONVERSION = YES;
				CLANG_WARN_INFINITE_RECURSION = YES;
				CLANG_WARN_INT_CONVERSION = YES;
				CLANG_WARN_NON_LITERAL_NULL_CONVERSION = YES;
				CLANG_WARN_OBJC_IMPLICIT_RETAIN_SELF = YES;
				CLANG_WARN_OBJC_LITERAL_CONVERSION = YES;
				CLANG_WARN_OBJC_ROOT_CLASS = YES_ERROR;
				CLANG_WARN_RANGE_LOOP_ANALYSIS = YES;
				CLANG_WARN_STRICT_PROTOTYPES = YES;
				CLANG_WARN_SUSPICIOUS_MOVE = YES;
				CLANG_WARN_UNGUARDED_AVAILABILITY = YES_AGGRESSIVE;
				CLANG_WARN_UNREACHABLE_CODE = YES;
				CLANG_WARN__DUPLICATE_METHOD_MATCH = YES;
				CODE_SIGN_IDENTITY = "-";
				COPY_PHASE_STRIP = NO;
				DEBUG_INFORMATION_FORMAT = dwarf;
				ENABLE_STRICT_OBJC_MSGSEND = YES;
				ENABLE_TESTABILITY = YES;
				GCC_C_LANGUAGE_STANDARD = gnu11;
				GCC_DYNAMIC_NO_PIC = NO;
				GCC_NO_COMMON_BLOCKS = YES;
				GCC_OPTIMIZATION_LEVEL = 0;
				GCC_PREPROCESSOR_DEFINITIONS = (
					"DEBUG=1",
					"$(inherited)",
				);
				GCC_WARN_64_TO_32_BIT_CONVERSION = YES;
				GCC_WARN_ABOUT_RETURN_TYPE = YES_ERROR;
				GCC_WARN_UNDECLARED_SELECTOR = YES;
				GCC_WARN_UNINITIALIZED_AUTOS = YES_AGGRESSIVE;
				GCC_WARN_UNUSED_FUNCTION = YES;
				GCC_WARN_UNUSED_VARIABLE = YES;
				MACOSX_DEPLOYMENT_TARGET = 10.14;
				MTL_ENABLE_DEBUG_INFO = INCLUDE_SOURCE;
				MTL_FAST_MATH = YES;
				ONLY_ACTIVE_ARCH = YES;
				SDKROOT = macosx;
			};
			name = Debug;
		};
		9AA49D5322209D9900070FD8 /* Release */ = {
			isa = XCBuildConfiguration;
			buildSettings = {
				ALWAYS_SEARCH_USER_PATHS = NO;
				CLANG_ANALYZER_NONNULL = YES;
				CLANG_ANALYZER_NUMBER_OBJECT_CONVERSION = YES_AGGRESSIVE;
				CLANG_CXX_LANGUAGE_STANDARD = "gnu++14";
				CLANG_CXX_LIBRARY = "libc++";
				CLANG_ENABLE_MODULES = YES;
				CLANG_ENABLE_OBJC_ARC = YES;
				CLANG_ENABLE_OBJC_WEAK = YES;
				CLANG_WARN_BLOCK_CAPTURE_AUTORELEASING = YES;
				CLANG_WARN_BOOL_CONVERSION = YES;
				CLANG_WARN_COMMA = YES;
				CLANG_WARN_CONSTANT_CONVERSION = YES;
				CLANG_WARN_DEPRECATED_OBJC_IMPLEMENTATIONS = YES;
				CLANG_WARN_DIRECT_OBJC_ISA_USAGE = YES_ERROR;
				CLANG_WARN_DOCUMENTATION_COMMENTS = YES;
				CLANG_WARN_EMPTY_BODY = YES;
				CLANG_WARN_ENUM_CONVERSION = YES;
				CLANG_WARN_INFINITE_RECURSION = YES;
				CLANG_WARN_INT_CONVERSION = YES;
				CLANG_WARN_NON_LITERAL_NULL_CONVERSION = YES;
				CLANG_WARN_OBJC_IMPLICIT_RETAIN_SELF = YES;
				CLANG_WARN_OBJC_LITERAL_CONVERSION = YES;
				CLANG_WARN_OBJC_ROOT_CLASS = YES_ERROR;
				CLANG_WARN_RANGE_LOOP_ANALYSIS = YES;
				CLANG_WARN_STRICT_PROTOTYPES = YES;
				CLANG_WARN_SUSPICIOUS_MOVE = YES;
				CLANG_WARN_UNGUARDED_AVAILABILITY = YES_AGGRESSIVE;
				CLANG_WARN_UNREACHABLE_CODE = YES;
				CLANG_WARN__DUPLICATE_METHOD_MATCH = YES;
				CODE_SIGN_IDENTITY = "-";
				COPY_PHASE_STRIP = NO;
				DEBUG_INFORMATION_FORMAT = "dwarf-with-dsym";
				ENABLE_NS_ASSERTIONS = NO;
				ENABLE_STRICT_OBJC_MSGSEND = YES;
				GCC_C_LANGUAGE_STANDARD = gnu11;
				GCC_NO_COMMON_BLOCKS = YES;
				GCC_WARN_64_TO_32_BIT_CONVERSION = YES;
				GCC_WARN_ABOUT_RETURN_TYPE = YES_ERROR;
				GCC_WARN_UNDECLARED_SELECTOR = YES;
				GCC_WARN_UNINITIALIZED_AUTOS = YES_AGGRESSIVE;
				GCC_WARN_UNUSED_FUNCTION = YES;
				GCC_WARN_UNUSED_VARIABLE = YES;
				MACOSX_DEPLOYMENT_TARGET = 10.14;
				MTL_ENABLE_DEBUG_INFO = NO;
				MTL_FAST_MATH = YES;
				SDKROOT = macosx;
			};
			name = Release;
		};
		9AA49D5522209D9900070FD8 /* Debug */ = {
			isa = XCBuildConfiguration;
			buildSettings = {
				CODE_SIGN_STYLE = Automatic;
				PRODUCT_NAME = "$(TARGET_NAME)";
			};
			name = Debug;
		};
		9AA49D5622209D9900070FD8 /* Release */ = {
			isa = XCBuildConfiguration;
			buildSettings = {
				CODE_SIGN_STYLE = Automatic;
				PRODUCT_NAME = "$(TARGET_NAME)";
			};
			name = Release;
		};
/* End XCBuildConfiguration section */

/* Begin XCConfigurationList section */
		9AA49D4822209D9900070FD8 /* Build configuration list for PBXProject "SQLRockOut" */ = {
			isa = XCConfigurationList;
			buildConfigurations = (
				9AA49D5222209D9900070FD8 /* Debug */,
				9AA49D5322209D9900070FD8 /* Release */,
			);
			defaultConfigurationIsVisible = 0;
			defaultConfigurationName = Release;
		};
		9AA49D5422209D9900070FD8 /* Build configuration list for PBXNativeTarget "SQLRockOut" */ = {
			isa = XCConfigurationList;
			buildConfigurations = (
				9AA49D5522209D9900070FD8 /* Debug */,
				9AA49D5622209D9900070FD8 /* Release */,
			);
			defaultConfigurationIsVisible = 0;
			defaultConfigurationName = Release;
		};
/* End XCConfigurationList section */
	};
	rootObject = 9AA49D4522209D9900070FD8 /* Project object */;
}
